
Microsoft Visual Studio Solution File, Format Version 12.00
# Visual Studio 14
VisualStudioVersion = 14.0.25420.1
MinimumVisualStudioVersion = 10.0.40219.1
Project("{FAE04EC0-301F-11D3-BF4B-00C04F79EFBC}") = "Proxer.me-UWP", "Proxer.me-UWP\Proxer.me-UWP.csproj", "{1325957F-55C4-45B7-B971-8C1D9EF54074}"
EndProject
Project("{2150E333-8FDC-42A3-9474-1A3956D46DE8}") = "ProxerMeApi", "ProxerMeApi", "{D4BB0EF4-BF20-4867-BF0F-F1C9CC5C4B13}"
EndProject
Project("{FAE04EC0-301F-11D3-BF4B-00C04F79EFBC}") = "ProxerMeApi.Interfaces", "ProxerMeApi.Interfaces\ProxerMeApi.Interfaces.csproj", "{D271D961-DD4A-432A-9EEB-97CD216D6361}"
EndProject
Project("{FAE04EC0-301F-11D3-BF4B-00C04F79EFBC}") = "ProxerMeApi.Implementation", "ProxerMeApi.Implementation\ProxerMeApi.Implementation.csproj", "{A793E87B-48ED-4048-9119-FEFC284B0C40}"
EndProject
Project("{2150E333-8FDC-42A3-9474-1A3956D46DE8}") = "DevilDesireDev", "DevilDesireDev", "{BE9DAB58-F495-48FA-8ED1-CFCFD52ED3C3}"
EndProject
Project("{FAE04EC0-301F-11D3-BF4B-00C04F79EFBC}") = "DevilDesireDevLib.Interfaces", "DevilDesireDevLib.Interfaces\DevilDesireDevLib.Interfaces.csproj", "{0F3F5466-749A-4341-874C-A2CE92AD0FD6}"
EndProject
Project("{FAE04EC0-301F-11D3-BF4B-00C04F79EFBC}") = "DevilDesireDevLib.Implementation", "DevilDesireDevLib.Implementation\DevilDesireDevLib.Implementation.csproj", "{97C3EBFA-A13C-4E32-A696-EA566885B8E9}"
EndProject
Global
	GlobalSection(SolutionConfigurationPlatforms) = preSolution
		Debug|Any CPU = Debug|Any CPU
		Debug|ARM = Debug|ARM
		Debug|x64 = Debug|x64
		Debug|x86 = Debug|x86
		Release|Any CPU = Release|Any CPU
		Release|ARM = Release|ARM
		Release|x64 = Release|x64
		Release|x86 = Release|x86
	EndGlobalSection
	GlobalSection(ProjectConfigurationPlatforms) = postSolution
		{1325957F-55C4-45B7-B971-8C1D9EF54074}.Debug|Any CPU.ActiveCfg = Debug|x86
		{1325957F-55C4-45B7-B971-8C1D9EF54074}.Debug|ARM.ActiveCfg = Debug|ARM
		{1325957F-55C4-45B7-B971-8C1D9EF54074}.Debug|ARM.Build.0 = Debug|ARM
		{1325957F-55C4-45B7-B971-8C1D9EF54074}.Debug|ARM.Deploy.0 = Debug|ARM
		{1325957F-55C4-45B7-B971-8C1D9EF54074}.Debug|x64.ActiveCfg = Debug|x64
		{1325957F-55C4-45B7-B971-8C1D9EF54074}.Debug|x64.Build.0 = Debug|x64
		{1325957F-55C4-45B7-B971-8C1D9EF54074}.Debug|x64.Deploy.0 = Debug|x64
		{1325957F-55C4-45B7-B971-8C1D9EF54074}.Debug|x86.ActiveCfg = Debug|x86
		{1325957F-55C4-45B7-B971-8C1D9EF54074}.Debug|x86.Build.0 = Debug|x86
		{1325957F-55C4-45B7-B971-8C1D9EF54074}.Debug|x86.Deploy.0 = Debug|x86
		{1325957F-55C4-45B7-B971-8C1D9EF54074}.Release|Any CPU.ActiveCfg = Release|x86
		{1325957F-55C4-45B7-B971-8C1D9EF54074}.Release|ARM.ActiveCfg = Release|ARM
		{1325957F-55C4-45B7-B971-8C1D9EF54074}.Release|ARM.Build.0 = Release|ARM
		{1325957F-55C4-45B7-B971-8C1D9EF54074}.Release|ARM.Deploy.0 = Release|ARM
		{1325957F-55C4-45B7-B971-8C1D9EF54074}.Release|x64.ActiveCfg = Release|x64
		{1325957F-55C4-45B7-B971-8C1D9EF54074}.Release|x64.Build.0 = Release|x64
		{1325957F-55C4-45B7-B971-8C1D9EF54074}.Release|x64.Deploy.0 = Release|x64
		{1325957F-55C4-45B7-B971-8C1D9EF54074}.Release|x86.ActiveCfg = Release|x86
		{1325957F-55C4-45B7-B971-8C1D9EF54074}.Release|x86.Build.0 = Release|x86
		{1325957F-55C4-45B7-B971-8C1D9EF54074}.Release|x86.Deploy.0 = Release|x86
		{D271D961-DD4A-432A-9EEB-97CD216D6361}.Debug|Any CPU.ActiveCfg = Debug|Any CPU
		{D271D961-DD4A-432A-9EEB-97CD216D6361}.Debug|Any CPU.Build.0 = Debug|Any CPU
		{D271D961-DD4A-432A-9EEB-97CD216D6361}.Debug|ARM.ActiveCfg = Debug|ARM
		{D271D961-DD4A-432A-9EEB-97CD216D6361}.Debug|ARM.Build.0 = Debug|ARM
		{D271D961-DD4A-432A-9EEB-97CD216D6361}.Debug|x64.ActiveCfg = Debug|x64
		{D271D961-DD4A-432A-9EEB-97CD216D6361}.Debug|x64.Build.0 = Debug|x64
		{D271D961-DD4A-432A-9EEB-97CD216D6361}.Debug|x86.ActiveCfg = Debug|x86
		{D271D961-DD4A-432A-9EEB-97CD216D6361}.Debug|x86.Build.0 = Debug|x86
		{D271D961-DD4A-432A-9EEB-97CD216D6361}.Release|Any CPU.ActiveCfg = Release|Any CPU
		{D271D961-DD4A-432A-9EEB-97CD216D6361}.Release|Any CPU.Build.0 = Release|Any CPU
		{D271D961-DD4A-432A-9EEB-97CD216D6361}.Release|ARM.ActiveCfg = Release|ARM
		{D271D961-DD4A-432A-9EEB-97CD216D6361}.Release|ARM.Build.0 = Release|ARM
		{D271D961-DD4A-432A-9EEB-97CD216D6361}.Release|x64.ActiveCfg = Release|x64
		{D271D961-DD4A-432A-9EEB-97CD216D6361}.Release|x64.Build.0 = Release|x64
		{D271D961-DD4A-432A-9EEB-97CD216D6361}.Release|x86.ActiveCfg = Release|x86
		{D271D961-DD4A-432A-9EEB-97CD216D6361}.Release|x86.Build.0 = Release|x86
		{A793E87B-48ED-4048-9119-FEFC284B0C40}.Debug|Any CPU.ActiveCfg = Debug|Any CPU
		{A793E87B-48ED-4048-9119-FEFC284B0C40}.Debug|Any CPU.Build.0 = Debug|Any CPU
		{A793E87B-48ED-4048-9119-FEFC284B0C40}.Debug|ARM.ActiveCfg = Debug|ARM
		{A793E87B-48ED-4048-9119-FEFC284B0C40}.Debug|ARM.Build.0 = Debug|ARM
		{A793E87B-48ED-4048-9119-FEFC284B0C40}.Debug|x64.ActiveCfg = Debug|x64
		{A793E87B-48ED-4048-9119-FEFC284B0C40}.Debug|x64.Build.0 = Debug|x64
		{A793E87B-48ED-4048-9119-FEFC284B0C40}.Debug|x86.ActiveCfg = Debug|x86
		{A793E87B-48ED-4048-9119-FEFC284B0C40}.Debug|x86.Build.0 = Debug|x86
		{A793E87B-48ED-4048-9119-FEFC284B0C40}.Release|Any CPU.ActiveCfg = Release|Any CPU
		{A793E87B-48ED-4048-9119-FEFC284B0C40}.Release|Any CPU.Build.0 = Release|Any CPU
		{A793E87B-48ED-4048-9119-FEFC284B0C40}.Release|ARM.ActiveCfg = Release|ARM
		{A793E87B-48ED-4048-9119-FEFC284B0C40}.Release|ARM.Build.0 = Release|ARM
		{A793E87B-48ED-4048-9119-FEFC284B0C40}.Release|x64.ActiveCfg = Release|x64
		{A793E87B-48ED-4048-9119-FEFC284B0C40}.Release|x64.Build.0 = Release|x64
		{A793E87B-48ED-4048-9119-FEFC284B0C40}.Release|x86.ActiveCfg = Release|x86
		{A793E87B-48ED-4048-9119-FEFC284B0C40}.Release|x86.Build.0 = Release|x86
		{0F3F5466-749A-4341-874C-A2CE92AD0FD6}.Debug|Any CPU.ActiveCfg = Debug|Any CPU
		{0F3F5466-749A-4341-874C-A2CE92AD0FD6}.Debug|Any CPU.Build.0 = Debug|Any CPU
		{0F3F5466-749A-4341-874C-A2CE92AD0FD6}.Debug|ARM.ActiveCfg = Debug|ARM
		{0F3F5466-749A-4341-874C-A2CE92AD0FD6}.Debug|ARM.Build.0 = Debug|ARM
		{0F3F5466-749A-4341-874C-A2CE92AD0FD6}.Debug|x64.ActiveCfg = Debug|x64
		{0F3F5466-749A-4341-874C-A2CE92AD0FD6}.Debug|x64.Build.0 = Debug|x64
		{0F3F5466-749A-4341-874C-A2CE92AD0FD6}.Debug|x86.ActiveCfg = Debug|x86
		{0F3F5466-749A-4341-874C-A2CE92AD0FD6}.Debug|x86.Build.0 = Debug|x86
		{0F3F5466-749A-4341-874C-A2CE92AD0FD6}.Release|Any CPU.ActiveCfg = Release|Any CPU
		{0F3F5466-749A-4341-874C-A2CE92AD0FD6}.Release|Any CPU.Build.0 = Release|Any CPU
		{0F3F5466-749A-4341-874C-A2CE92AD0FD6}.Release|ARM.ActiveCfg = Release|ARM
		{0F3F5466-749A-4341-874C-A2CE92AD0FD6}.Release|ARM.Build.0 = Release|ARM
		{0F3F5466-749A-4341-874C-A2CE92AD0FD6}.Release|x64.ActiveCfg = Release|x64
		{0F3F5466-749A-4341-874C-A2CE92AD0FD6}.Release|x64.Build.0 = Release|x64
		{0F3F5466-749A-4341-874C-A2CE92AD0FD6}.Release|x86.ActiveCfg = Release|x86
		{0F3F5466-749A-4341-874C-A2CE92AD0FD6}.Release|x86.Build.0 = Release|x86
		{97C3EBFA-A13C-4E32-A696-EA566885B8E9}.Debug|Any CPU.ActiveCfg = Debug|Any CPU
		{97C3EBFA-A13C-4E32-A696-EA566885B8E9}.Debug|Any CPU.Build.0 = Debug|Any CPU
		{97C3EBFA-A13C-4E32-A696-EA566885B8E9}.Debug|ARM.ActiveCfg = Debug|ARM
		{97C3EBFA-A13C-4E32-A696-EA566885B8E9}.Debug|ARM.Build.0 = Debug|ARM
		{97C3EBFA-A13C-4E32-A696-EA566885B8E9}.Debug|x64.ActiveCfg = Debug|x64
		{97C3EBFA-A13C-4E32-A696-EA566885B8E9}.Debug|x64.Build.0 = Debug|x64
		{97C3EBFA-A13C-4E32-A696-EA566885B8E9}.Debug|x86.ActiveCfg = Debug|x86
		{97C3EBFA-A13C-4E32-A696-EA566885B8E9}.Debug|x86.Build.0 = Debug|x86
		{97C3EBFA-A13C-4E32-A696-EA566885B8E9}.Release|Any CPU.ActiveCfg = Release|Any CPU
		{97C3EBFA-A13C-4E32-A696-EA566885B8E9}.Release|Any CPU.Build.0 = Release|Any CPU
		{97C3EBFA-A13C-4E32-A696-EA566885B8E9}.Release|ARM.ActiveCfg = Release|ARM
		{97C3EBFA-A13C-4E32-A696-EA566885B8E9}.Release|ARM.Build.0 = Release|ARM
		{97C3EBFA-A13C-4E32-A696-EA566885B8E9}.Release|x64.ActiveCfg = Release|x64
		{97C3EBFA-A13C-4E32-A696-EA566885B8E9}.Release|x64.Build.0 = Release|x64
		{97C3EBFA-A13C-4E32-A696-EA566885B8E9}.Release|x86.ActiveCfg = Release|x86
		{97C3EBFA-A13C-4E32-A696-EA566885B8E9}.Release|x86.Build.0 = Release|x86
	EndGlobalSection
	GlobalSection(SolutionProperties) = preSolution
		HideSolutionNode = FALSE
	EndGlobalSection
	GlobalSection(NestedProjects) = preSolution
		{D271D961-DD4A-432A-9EEB-97CD216D6361} = {D4BB0EF4-BF20-4867-BF0F-F1C9CC5C4B13}
		{A793E87B-48ED-4048-9119-FEFC284B0C40} = {D4BB0EF4-BF20-4867-BF0F-F1C9CC5C4B13}
		{0F3F5466-749A-4341-874C-A2CE92AD0FD6} = {BE9DAB58-F495-48FA-8ED1-CFCFD52ED3C3}
		{97C3EBFA-A13C-4E32-A696-EA566885B8E9} = {BE9DAB58-F495-48FA-8ED1-CFCFD52ED3C3}
	EndGlobalSection
EndGlobal
